
Microsoft Visual Studio Solution File, Format Version 12.00
# Visual Studio Version 17
VisualStudioVersion = 17.4.33103.184
MinimumVisualStudioVersion = 10.0.40219.1
Project("{FAE04EC0-301F-11D3-BF4B-00C04F79EFBC}") = "Useful.Implementation", "..\Useful.Implementation\Useful.Implementation.csproj", "{F240069F-1DD7-4A94-9980-188D79758AAB}"
EndProject
Project("{FAE04EC0-301F-11D3-BF4B-00C04F79EFBC}") = "Useful.Implementation.Tests", "..\Useful.Implementation.Tests\Useful.Implementation.Tests.csproj", "{4AB9D05D-E3BA-481D-ADE3-BA28B3F2B06D}"
EndProject
Project("{FAE04EC0-301F-11D3-BF4B-00C04F79EFBC}") = "Useful.Implementation.Shared", "..\Useful.Implementation.Shared\Useful.Implementation.Shared.csproj", "{1699C46B-D11D-426C-89E4-3AFCBF6A273B}"
EndProject
Global
	GlobalSection(SolutionConfigurationPlatforms) = preSolution
		Debug|Any CPU = Debug|Any CPU
		Release|Any CPU = Release|Any CPU
	EndGlobalSection
	GlobalSection(ProjectConfigurationPlatforms) = postSolution
		{F240069F-1DD7-4A94-9980-188D79758AAB}.Debug|Any CPU.ActiveCfg = Debug|Any CPU
		{F240069F-1DD7-4A94-9980-188D79758AAB}.Debug|Any CPU.Build.0 = Debug|Any CPU
		{F240069F-1DD7-4A94-9980-188D79758AAB}.Release|Any CPU.ActiveCfg = Release|Any CPU
		{F240069F-1DD7-4A94-9980-188D79758AAB}.Release|Any CPU.Build.0 = Release|Any CPU
		{4AB9D05D-E3BA-481D-ADE3-BA28B3F2B06D}.Debug|Any CPU.ActiveCfg = Debug|Any CPU
		{4AB9D05D-E3BA-481D-ADE3-BA28B3F2B06D}.Debug|Any CPU.Build.0 = Debug|Any CPU
		{4AB9D05D-E3BA-481D-ADE3-BA28B3F2B06D}.Release|Any CPU.ActiveCfg = Release|Any CPU
		{4AB9D05D-E3BA-481D-ADE3-BA28B3F2B06D}.Release|Any CPU.Build.0 = Release|Any CPU
		{1699C46B-D11D-426C-89E4-3AFCBF6A273B}.Debug|Any CPU.ActiveCfg = Debug|Any CPU
		{1699C46B-D11D-426C-89E4-3AFCBF6A273B}.Debug|Any CPU.Build.0 = Debug|Any CPU
		{1699C46B-D11D-426C-89E4-3AFCBF6A273B}.Release|Any CPU.ActiveCfg = Release|Any CPU
		{1699C46B-D11D-426C-89E4-3AFCBF6A273B}.Release|Any CPU.Build.0 = Release|Any CPU
	EndGlobalSection
	GlobalSection(SolutionProperties) = preSolution
		HideSolutionNode = FALSE
	EndGlobalSection
	GlobalSection(ExtensibilityGlobals) = postSolution
		SolutionGuid = {CDE54CCD-8792-430C-9188-AE656C5B8762}
	EndGlobalSection
EndGlobal
